// !$*UTF8*$!
{
	archiveVersion = 1;
	classes = {
	};
	objectVersion = 56;
	objects = {

/* Begin PBXBuildFile section */
		DDFCB0C42A13B4FC00EE1BAE /* main.swift in Sources */ = {isa = PBXBuildFile; fileRef = DDFCB0C32A13B4FC00EE1BAE /* main.swift */; };
		DDFCB0CF2A13B58600EE1BAE /* KNN.swift in Sources */ = {isa = PBXBuildFile; fileRef = DDFCB0CE2A13B58600EE1BAE /* KNN.swift */; };
		DDFCB0D12A13B5D900EE1BAE /* Iris.swift in Sources */ = {isa = PBXBuildFile; fileRef = DDFCB0D02A13B5D900EE1BAE /* Iris.swift */; };
		DDFCB0D32A13B5F500EE1BAE /* ReadCSV.swift in Sources */ = {isa = PBXBuildFile; fileRef = DDFCB0D22A13B5F500EE1BAE /* ReadCSV.swift */; };
		DDFCB0DB2A13C3C500EE1BAE /* Iris.csv in CopyFiles */ = {isa = PBXBuildFile; fileRef = DDFCB0D72A13BA2700EE1BAE /* Iris.csv */; };
		DDFCB0DD2A14F86600EE1BAE /* DMC.swift in Sources */ = {isa = PBXBuildFile; fileRef = DDFCB0DC2A14F86600EE1BAE /* DMC.swift */; };
		DDFCB0DF2A169AAE00EE1BAE /* Perceptron.swift in Sources */ = {isa = PBXBuildFile; fileRef = DDFCB0DE2A169AAE00EE1BAE /* Perceptron.swift */; };
/* End PBXBuildFile section */

/* Begin PBXCopyFilesBuildPhase section */
		DDFCB0BE2A13B4FC00EE1BAE /* CopyFiles */ = {
			isa = PBXCopyFilesBuildPhase;
			buildActionMask = 12;
			dstPath = "";
			dstSubfolderSpec = 16;
			files = (
				DDFCB0DB2A13C3C500EE1BAE /* Iris.csv in CopyFiles */,
			);
			runOnlyForDeploymentPostprocessing = 0;
		};
/* End PBXCopyFilesBuildPhase section */

/* Begin PBXFileReference section */
		DDFCB0C02A13B4FC00EE1BAE /* CBL-ML */ = {isa = PBXFileReference; explicitFileType = "compiled.mach-o.executable"; includeInIndex = 0; path = "CBL-ML"; sourceTree = BUILT_PRODUCTS_DIR; };
		DDFCB0C32A13B4FC00EE1BAE /* main.swift */ = {isa = PBXFileReference; lastKnownFileType = sourcecode.swift; path = main.swift; sourceTree = "<group>"; };
		DDFCB0CE2A13B58600EE1BAE /* KNN.swift */ = {isa = PBXFileReference; lastKnownFileType = sourcecode.swift; path = KNN.swift; sourceTree = "<group>"; };
		DDFCB0D02A13B5D900EE1BAE /* Iris.swift */ = {isa = PBXFileReference; lastKnownFileType = sourcecode.swift; path = Iris.swift; sourceTree = "<group>"; };
		DDFCB0D22A13B5F500EE1BAE /* ReadCSV.swift */ = {isa = PBXFileReference; lastKnownFileType = sourcecode.swift; path = ReadCSV.swift; sourceTree = "<group>"; };
		DDFCB0D72A13BA2700EE1BAE /* Iris.csv */ = {isa = PBXFileReference; fileEncoding = 4; lastKnownFileType = text; path = Iris.csv; sourceTree = "<group>"; };
		DDFCB0DC2A14F86600EE1BAE /* DMC.swift */ = {isa = PBXFileReference; lastKnownFileType = sourcecode.swift; path = DMC.swift; sourceTree = "<group>"; };
		DDFCB0DE2A169AAE00EE1BAE /* Perceptron.swift */ = {isa = PBXFileReference; lastKnownFileType = sourcecode.swift; path = Perceptron.swift; sourceTree = "<group>"; };
/* End PBXFileReference section */

/* Begin PBXFrameworksBuildPhase section */
		DDFCB0BD2A13B4FC00EE1BAE /* Frameworks */ = {
			isa = PBXFrameworksBuildPhase;
			buildActionMask = 2147483647;
			files = (
			);
			runOnlyForDeploymentPostprocessing = 0;
		};
/* End PBXFrameworksBuildPhase section */

/* Begin PBXGroup section */
		DDFCB0B72A13B4FC00EE1BAE = {
			isa = PBXGroup;
			children = (
				DDFCB0C22A13B4FC00EE1BAE /* CBL-ML */,
				DDFCB0C12A13B4FC00EE1BAE /* Products */,
			);
			sourceTree = "<group>";
		};
		DDFCB0C12A13B4FC00EE1BAE /* Products */ = {
			isa = PBXGroup;
			children = (
				DDFCB0C02A13B4FC00EE1BAE /* CBL-ML */,
			);
			name = Products;
			sourceTree = "<group>";
		};
		DDFCB0C22A13B4FC00EE1BAE /* CBL-ML */ = {
			isa = PBXGroup;
			children = (
				DDFCB0D92A13C27500EE1BAE /* Sources */,
				DDFCB0CC2A13B53200EE1BAE /* Model */,
				DDFCB0CB2A13B52800EE1BAE /* DataSet */,
				DDFCB0C32A13B4FC00EE1BAE /* main.swift */,
			);
			path = "CBL-ML";
			sourceTree = "<group>";
		};
		DDFCB0CB2A13B52800EE1BAE /* DataSet */ = {
			isa = PBXGroup;
			children = (
				DDFCB0D72A13BA2700EE1BAE /* Iris.csv */,
				DDFCB0D22A13B5F500EE1BAE /* ReadCSV.swift */,
			);
			path = DataSet;
			sourceTree = "<group>";
		};
		DDFCB0CC2A13B53200EE1BAE /* Model */ = {
			isa = PBXGroup;
			children = (
				DDFCB0D02A13B5D900EE1BAE /* Iris.swift */,
			);
			path = Model;
			sourceTree = "<group>";
		};
		DDFCB0D92A13C27500EE1BAE /* Sources */ = {
			isa = PBXGroup;
			children = (
				DDFCB0CE2A13B58600EE1BAE /* KNN.swift */,
				DDFCB0DC2A14F86600EE1BAE /* DMC.swift */,
				DDFCB0DE2A169AAE00EE1BAE /* Perceptron.swift */,
			);
			path = Sources;
			sourceTree = "<group>";
		};
/* End PBXGroup section */

/* Begin PBXNativeTarget section */
		DDFCB0BF2A13B4FC00EE1BAE /* CBL-ML */ = {
			isa = PBXNativeTarget;
			buildConfigurationList = DDFCB0C72A13B4FC00EE1BAE /* Build configuration list for PBXNativeTarget "CBL-ML" */;
			buildPhases = (
				DDFCB0BE2A13B4FC00EE1BAE /* CopyFiles */,
				DDFCB0BC2A13B4FC00EE1BAE /* Sources */,
				DDFCB0BD2A13B4FC00EE1BAE /* Frameworks */,
			);
			buildRules = (
			);
			dependencies = (
			);
			name = "CBL-ML";
			productName = "CBL-ML";
			productReference = DDFCB0C02A13B4FC00EE1BAE /* CBL-ML */;
			productType = "com.apple.product-type.tool";
		};
/* End PBXNativeTarget section */

/* Begin PBXProject section */
		DDFCB0B82A13B4FC00EE1BAE /* Project object */ = {
			isa = PBXProject;
			attributes = {
				BuildIndependentTargetsInParallel = 1;
				LastSwiftUpdateCheck = 1430;
				LastUpgradeCheck = 1430;
				TargetAttributes = {
					DDFCB0BF2A13B4FC00EE1BAE = {
						CreatedOnToolsVersion = 14.3;
					};
				};
			};
			buildConfigurationList = DDFCB0BB2A13B4FC00EE1BAE /* Build configuration list for PBXProject "CBL-ML" */;
			compatibilityVersion = "Xcode 14.0";
			developmentRegion = en;
			hasScannedForEncodings = 0;
			knownRegions = (
				en,
				Base,
			);
			mainGroup = DDFCB0B72A13B4FC00EE1BAE;
			productRefGroup = DDFCB0C12A13B4FC00EE1BAE /* Products */;
			projectDirPath = "";
			projectRoot = "";
			targets = (
				DDFCB0BF2A13B4FC00EE1BAE /* CBL-ML */,
			);
		};
/* End PBXProject section */

/* Begin PBXSourcesBuildPhase section */
		DDFCB0BC2A13B4FC00EE1BAE /* Sources */ = {
			isa = PBXSourcesBuildPhase;
			buildActionMask = 2147483647;
			files = (
				DDFCB0D32A13B5F500EE1BAE /* ReadCSV.swift in Sources */,
				DDFCB0DF2A169AAE00EE1BAE /* Perceptron.swift in Sources */,
				DDFCB0C42A13B4FC00EE1BAE /* main.swift in Sources */,
				DDFCB0D12A13B5D900EE1BAE /* Iris.swift in Sources */,
				DDFCB0CF2A13B58600EE1BAE /* KNN.swift in Sources */,
				DDFCB0DD2A14F86600EE1BAE /* DMC.swift in Sources */,
			);
			runOnlyForDeploymentPostprocessing = 0;
		};
/* End PBXSourcesBuildPhase section */

/* Begin XCBuildConfiguration section */
		DDFCB0C52A13B4FC00EE1BAE /* Debug */ = {
			isa = XCBuildConfiguration;
			buildSettings = {
				ALWAYS_SEARCH_USER_PATHS = NO;
				CLANG_ANALYZER_NONNULL = YES;
				CLANG_ANALYZER_NUMBER_OBJECT_CONVERSION = YES_AGGRESSIVE;
				CLANG_CXX_LANGUAGE_STANDARD = "gnu++20";
				CLANG_ENABLE_MODULES = YES;
				CLANG_ENABLE_OBJC_ARC = YES;
				CLANG_ENABLE_OBJC_WEAK = YES;
				CLANG_WARN_BLOCK_CAPTURE_AUTORELEASING = YES;
				CLANG_WARN_BOOL_CONVERSION = YES;
				CLANG_WARN_COMMA = YES;
				CLANG_WARN_CONSTANT_CONVERSION = YES;
				CLANG_WARN_DEPRECATED_OBJC_IMPLEMENTATIONS = YES;
				CLANG_WARN_DIRECT_OBJC_ISA_USAGE = YES_ERROR;
				CLANG_WARN_DOCUMENTATION_COMMENTS = YES;
				CLANG_WARN_EMPTY_BODY = YES;
				CLANG_WARN_ENUM_CONVERSION = YES;
				CLANG_WARN_INFINITE_RECURSION = YES;
				CLANG_WARN_INT_CONVERSION = YES;
				CLANG_WARN_NON_LITERAL_NULL_CONVERSION = YES;
				CLANG_WARN_OBJC_IMPLICIT_RETAIN_SELF = YES;
				CLANG_WARN_OBJC_LITERAL_CONVERSION = YES;
				CLANG_WARN_OBJC_ROOT_CLASS = YES_ERROR;
				CLANG_WARN_QUOTED_INCLUDE_IN_FRAMEWORK_HEADER = YES;
				CLANG_WARN_RANGE_LOOP_ANALYSIS = YES;
				CLANG_WARN_STRICT_PROTOTYPES = YES;
				CLANG_WARN_SUSPICIOUS_MOVE = YES;
				CLANG_WARN_UNGUARDED_AVAILABILITY = YES_AGGRESSIVE;
				CLANG_WARN_UNREACHABLE_CODE = YES;
				CLANG_WARN__DUPLICATE_METHOD_MATCH = YES;
				COPY_PHASE_STRIP = NO;
				DEBUG_INFORMATION_FORMAT = dwarf;
				ENABLE_STRICT_OBJC_MSGSEND = YES;
				ENABLE_TESTABILITY = YES;
				GCC_C_LANGUAGE_STANDARD = gnu11;
				GCC_DYNAMIC_NO_PIC = NO;
				GCC_NO_COMMON_BLOCKS = YES;
				GCC_OPTIMIZATION_LEVEL = 0;
				GCC_PREPROCESSOR_DEFINITIONS = (
					"DEBUG=1",
					"$(inherited)",
				);
				GCC_WARN_64_TO_32_BIT_CONVERSION = YES;
				GCC_WARN_ABOUT_RETURN_TYPE = YES_ERROR;
				GCC_WARN_UNDECLARED_SELECTOR = YES;
				GCC_WARN_UNINITIALIZED_AUTOS = YES_AGGRESSIVE;
				GCC_WARN_UNUSED_FUNCTION = YES;
				GCC_WARN_UNUSED_VARIABLE = YES;
				MACOSX_DEPLOYMENT_TARGET = 13.2;
				MTL_ENABLE_DEBUG_INFO = INCLUDE_SOURCE;
				MTL_FAST_MATH = YES;
				ONLY_ACTIVE_ARCH = YES;
				SDKROOT = macosx;
				SWIFT_ACTIVE_COMPILATION_CONDITIONS = DEBUG;
				SWIFT_OPTIMIZATION_LEVEL = "-Onone";
			};
			name = Debug;
		};
		DDFCB0C62A13B4FC00EE1BAE /* Release */ = {
			isa = XCBuildConfiguration;
			buildSettings = {
				ALWAYS_SEARCH_USER_PATHS = NO;
				CLANG_ANALYZER_NONNULL = YES;
				CLANG_ANALYZER_NUMBER_OBJECT_CONVERSION = YES_AGGRESSIVE;
				CLANG_CXX_LANGUAGE_STANDARD = "gnu++20";
				CLANG_ENABLE_MODULES = YES;
				CLANG_ENABLE_OBJC_ARC = YES;
				CLANG_ENABLE_OBJC_WEAK = YES;
				CLANG_WARN_BLOCK_CAPTURE_AUTORELEASING = YES;
				CLANG_WARN_BOOL_CONVERSION = YES;
				CLANG_WARN_COMMA = YES;
				CLANG_WARN_CONSTANT_CONVERSION = YES;
				CLANG_WARN_DEPRECATED_OBJC_IMPLEMENTATIONS = YES;
				CLANG_WARN_DIRECT_OBJC_ISA_USAGE = YES_ERROR;
				CLANG_WARN_DOCUMENTATION_COMMENTS = YES;
				CLANG_WARN_EMPTY_BODY = YES;
				CLANG_WARN_ENUM_CONVERSION = YES;
				CLANG_WARN_INFINITE_RECURSION = YES;
				CLANG_WARN_INT_CONVERSION = YES;
				CLANG_WARN_NON_LITERAL_NULL_CONVERSION = YES;
				CLANG_WARN_OBJC_IMPLICIT_RETAIN_SELF = YES;
				CLANG_WARN_OBJC_LITERAL_CONVERSION = YES;
				CLANG_WARN_OBJC_ROOT_CLASS = YES_ERROR;
				CLANG_WARN_QUOTED_INCLUDE_IN_FRAMEWORK_HEADER = YES;
				CLANG_WARN_RANGE_LOOP_ANALYSIS = YES;
				CLANG_WARN_STRICT_PROTOTYPES = YES;
				CLANG_WARN_SUSPICIOUS_MOVE = YES;
				CLANG_WARN_UNGUARDED_AVAILABILITY = YES_AGGRESSIVE;
				CLANG_WARN_UNREACHABLE_CODE = YES;
				CLANG_WARN__DUPLICATE_METHOD_MATCH = YES;
				COPY_PHASE_STRIP = NO;
				DEBUG_INFORMATION_FORMAT = "dwarf-with-dsym";
				ENABLE_NS_ASSERTIONS = NO;
				ENABLE_STRICT_OBJC_MSGSEND = YES;
				GCC_C_LANGUAGE_STANDARD = gnu11;
				GCC_NO_COMMON_BLOCKS = YES;
				GCC_WARN_64_TO_32_BIT_CONVERSION = YES;
				GCC_WARN_ABOUT_RETURN_TYPE = YES_ERROR;
				GCC_WARN_UNDECLARED_SELECTOR = YES;
				GCC_WARN_UNINITIALIZED_AUTOS = YES_AGGRESSIVE;
				GCC_WARN_UNUSED_FUNCTION = YES;
				GCC_WARN_UNUSED_VARIABLE = YES;
				MACOSX_DEPLOYMENT_TARGET = 13.2;
				MTL_ENABLE_DEBUG_INFO = NO;
				MTL_FAST_MATH = YES;
				SDKROOT = macosx;
				SWIFT_COMPILATION_MODE = wholemodule;
				SWIFT_OPTIMIZATION_LEVEL = "-O";
			};
			name = Release;
		};
		DDFCB0C82A13B4FC00EE1BAE /* Debug */ = {
			isa = XCBuildConfiguration;
			buildSettings = {
				CODE_SIGN_STYLE = Automatic;
				DEVELOPMENT_ASSET_PATHS = "";
				DEVELOPMENT_TEAM = 2D837DJ3YC;
				ENABLE_HARDENED_RUNTIME = YES;
				PRODUCT_NAME = "$(TARGET_NAME)";
				SWIFT_VERSION = 5.0;
			};
			name = Debug;
		};
		DDFCB0C92A13B4FC00EE1BAE /* Release */ = {
			isa = XCBuildConfiguration;
			buildSettings = {
				CODE_SIGN_STYLE = Automatic;
				DEVELOPMENT_ASSET_PATHS = "";
				DEVELOPMENT_TEAM = 2D837DJ3YC;
				ENABLE_HARDENED_RUNTIME = YES;
				PRODUCT_NAME = "$(TARGET_NAME)";
				SWIFT_VERSION = 5.0;
			};
			name = Release;
		};
/* End XCBuildConfiguration section */

/* Begin XCConfigurationList section */
		DDFCB0BB2A13B4FC00EE1BAE /* Build configuration list for PBXProject "CBL-ML" */ = {
			isa = XCConfigurationList;
			buildConfigurations = (
				DDFCB0C52A13B4FC00EE1BAE /* Debug */,
				DDFCB0C62A13B4FC00EE1BAE /* Release */,
			);
			defaultConfigurationIsVisible = 0;
			defaultConfigurationName = Release;
		};
		DDFCB0C72A13B4FC00EE1BAE /* Build configuration list for PBXNativeTarget "CBL-ML" */ = {
			isa = XCConfigurationList;
			buildConfigurations = (
				DDFCB0C82A13B4FC00EE1BAE /* Debug */,
				DDFCB0C92A13B4FC00EE1BAE /* Release */,
			);
			defaultConfigurationIsVisible = 0;
			defaultConfigurationName = Release;
		};
/* End XCConfigurationList section */
	};
	rootObject = DDFCB0B82A13B4FC00EE1BAE /* Project object */;
}
